
Microsoft Visual Studio Solution File, Format Version 12.00
# Visual Studio Version 18
VisualStudioVersion = 18.0.11018.127
MinimumVisualStudioVersion = 10.0.40219.1
Project("{2150E333-8FDC-42A3-9474-1A3956D46DE8}") = "src", "src", "{8011CDDD-0814-4C74-9B74-C3E3365D50CC}"
EndProject
Project("{9A19103F-16F7-4668-BE54-9A1E7A4F7556}") = "Forma.Application", "src\Forma.Application\Forma.Application.csproj", "{72DC21B1-F2D0-4858-9657-44EF571E43D2}"
EndProject
Project("{9A19103F-16F7-4668-BE54-9A1E7A4F7556}") = "Forma.Domain", "src\Forma.Domain\Forma.Domain.csproj", "{7FDA8D84-9E01-4424-872E-ABAABC3965A9}"
EndProject
Project("{9A19103F-16F7-4668-BE54-9A1E7A4F7556}") = "Forma.Infrastructure", "src\Forma.Infrastructure\Forma.Infrastructure.csproj", "{11296DB2-D948-4ADF-A4CE-3F2BFF627478}"
EndProject
Project("{2150E333-8FDC-42A3-9474-1A3956D46DE8}") = "tests", "tests", "{DFB189FE-F11B-46EA-A5CD-3571CEC8193A}"
EndProject
Project("{9A19103F-16F7-4668-BE54-9A1E7A4F7556}") = "Forma.UnitTests", "tests\Forma.UnitTests\Forma.UnitTests.csproj", "{D957E297-38EA-402F-B603-25F3EC156E18}"
EndProject
Project("{9A19103F-16F7-4668-BE54-9A1E7A4F7556}") = "Forma.PublicApi", "src\Forma.PublicApi\Forma.PublicApi.csproj", "{E94C4296-DC64-4C22-87A1-B5A054FAADAC}"
EndProject
Project("{2150E333-8FDC-42A3-9474-1A3956D46DE8}") = "Solution Items", "Solution Items", "{1DAF7B63-F776-4466-908D-56FD1FD02F42}"
	ProjectSection(SolutionItems) = preProject
		.dockerignore = .dockerignore
		.editorconfig = .editorconfig
		.env = .env
		.gitattributes = .gitattributes
		.gitignore = .gitignore
		analisi.txt = analisi.txt
		img\cqrs-pattern.png = img\cqrs-pattern.png
		Directory.Build.props = Directory.Build.props
		Directory.Packages.props = Directory.Packages.props
		docker-compose.override.yml = docker-compose.override.yml
		docker-compose.yml = docker-compose.yml
		global.json = global.json
		LICENSE = LICENSE
		nuget.config = nuget.config
		README.md = README.md
		requests.http = requests.http
	EndProjectSection
EndProject
Project("{9A19103F-16F7-4668-BE54-9A1E7A4F7556}") = "Forma.Query", "src\Forma.Query\Forma.Query.csproj", "{C2A82AAD-0348-4B29-B7E7-E36509EE068C}"
EndProject
Project("{2150E333-8FDC-42A3-9474-1A3956D46DE8}") = "workflows", "workflows", "{45B3273F-DCE8-48C2-B27A-05AF1343C69C}"
	ProjectSection(SolutionItems) = preProject
		.github\workflows\codeql-analysis.yml = .github\workflows\codeql-analysis.yml
		.github\workflows\delete-workflow-runs.yml = .github\workflows\delete-workflow-runs.yml
		.github\workflows\devskim-analysis.yml = .github\workflows\devskim-analysis.yml
		.github\workflows\dotnet.yml = .github\workflows\dotnet.yml
		.github\workflows\sonar-cloud.yml = .github\workflows\sonar-cloud.yml
	EndProjectSection
EndProject
Project("{9A19103F-16F7-4668-BE54-9A1E7A4F7556}") = "Forma.IntegrationTests", "tests\Forma.IntegrationTests\Forma.IntegrationTests.csproj", "{7BA06288-8446-4099-9341-D213A835763C}"
EndProject
Project("{2150E333-8FDC-42A3-9474-1A3956D46DE8}") = "Presentation", "Presentation", "{691795FC-1A5E-4144-9730-F61D0F701EBA}"
EndProject
Project("{2150E333-8FDC-42A3-9474-1A3956D46DE8}") = "Infrastructure", "Infrastructure", "{BF75AAA0-1EDD-47F1-A38C-69128AB9927B}"
EndProject
Project("{2150E333-8FDC-42A3-9474-1A3956D46DE8}") = "Core", "Core", "{9371D508-9FCA-4AED-ABCF-AF9457E743AC}"
EndProject
Project("{E53339B2-1760-4266-BCC7-CA923CBCF16C}") = "docker-compose", "docker-compose.dcproj", "{24EF58F6-CBF8-4910-A17C-E8DE7ED96A87}"
EndProject
Project("{FAE04EC0-301F-11D3-BF4B-00C04F79EFBC}") = "Forma.CoreContext", "src\Forma.CoreContext\Forma.CoreContext.csproj", "{F859B6D3-98E4-F114-EE4A-185A98BB4589}"
EndProject
Project("{FAE04EC0-301F-11D3-BF4B-00C04F79EFBC}") = "Forma.CoreInfrastructure", "src\Forma.CoreInfrastructure\Forma.CoreInfrastructure.csproj", "{543135A3-8D5E-D4FE-2FC5-E98BAEFBBABD}"
EndProject
Project("{FAE04EC0-301F-11D3-BF4B-00C04F79EFBC}") = "Forma.ArchitectureTests", "tests\Forma.ArchitectureTests\Forma.ArchitectureTests.csproj", "{BFCB0C57-BF9A-44AC-A316-62EB6358FEFA}"
EndProject
Global
	GlobalSection(SolutionConfigurationPlatforms) = preSolution
		Debug|Any CPU = Debug|Any CPU
		Release|Any CPU = Release|Any CPU
	EndGlobalSection
	GlobalSection(ProjectConfigurationPlatforms) = postSolution
		{72DC21B1-F2D0-4858-9657-44EF571E43D2}.Debug|Any CPU.ActiveCfg = Debug|Any CPU
		{72DC21B1-F2D0-4858-9657-44EF571E43D2}.Debug|Any CPU.Build.0 = Debug|Any CPU
		{72DC21B1-F2D0-4858-9657-44EF571E43D2}.Release|Any CPU.ActiveCfg = Release|Any CPU
		{72DC21B1-F2D0-4858-9657-44EF571E43D2}.Release|Any CPU.Build.0 = Release|Any CPU
		{7FDA8D84-9E01-4424-872E-ABAABC3965A9}.Debug|Any CPU.ActiveCfg = Debug|Any CPU
		{7FDA8D84-9E01-4424-872E-ABAABC3965A9}.Debug|Any CPU.Build.0 = Debug|Any CPU
		{7FDA8D84-9E01-4424-872E-ABAABC3965A9}.Release|Any CPU.ActiveCfg = Release|Any CPU
		{7FDA8D84-9E01-4424-872E-ABAABC3965A9}.Release|Any CPU.Build.0 = Release|Any CPU
		{11296DB2-D948-4ADF-A4CE-3F2BFF627478}.Debug|Any CPU.ActiveCfg = Debug|Any CPU
		{11296DB2-D948-4ADF-A4CE-3F2BFF627478}.Debug|Any CPU.Build.0 = Debug|Any CPU
		{11296DB2-D948-4ADF-A4CE-3F2BFF627478}.Release|Any CPU.ActiveCfg = Release|Any CPU
		{11296DB2-D948-4ADF-A4CE-3F2BFF627478}.Release|Any CPU.Build.0 = Release|Any CPU
		{D957E297-38EA-402F-B603-25F3EC156E18}.Debug|Any CPU.ActiveCfg = Debug|Any CPU
		{D957E297-38EA-402F-B603-25F3EC156E18}.Debug|Any CPU.Build.0 = Debug|Any CPU
		{D957E297-38EA-402F-B603-25F3EC156E18}.Release|Any CPU.ActiveCfg = Release|Any CPU
		{D957E297-38EA-402F-B603-25F3EC156E18}.Release|Any CPU.Build.0 = Release|Any CPU
		{E94C4296-DC64-4C22-87A1-B5A054FAADAC}.Debug|Any CPU.ActiveCfg = Debug|Any CPU
		{E94C4296-DC64-4C22-87A1-B5A054FAADAC}.Debug|Any CPU.Build.0 = Debug|Any CPU
		{E94C4296-DC64-4C22-87A1-B5A054FAADAC}.Release|Any CPU.ActiveCfg = Release|Any CPU
		{E94C4296-DC64-4C22-87A1-B5A054FAADAC}.Release|Any CPU.Build.0 = Release|Any CPU
		{C2A82AAD-0348-4B29-B7E7-E36509EE068C}.Debug|Any CPU.ActiveCfg = Debug|Any CPU
		{C2A82AAD-0348-4B29-B7E7-E36509EE068C}.Debug|Any CPU.Build.0 = Debug|Any CPU
		{C2A82AAD-0348-4B29-B7E7-E36509EE068C}.Release|Any CPU.ActiveCfg = Release|Any CPU
		{C2A82AAD-0348-4B29-B7E7-E36509EE068C}.Release|Any CPU.Build.0 = Release|Any CPU
		{7BA06288-8446-4099-9341-D213A835763C}.Debug|Any CPU.ActiveCfg = Debug|Any CPU
		{7BA06288-8446-4099-9341-D213A835763C}.Debug|Any CPU.Build.0 = Debug|Any CPU
		{7BA06288-8446-4099-9341-D213A835763C}.Release|Any CPU.ActiveCfg = Release|Any CPU
		{7BA06288-8446-4099-9341-D213A835763C}.Release|Any CPU.Build.0 = Release|Any CPU
		{24EF58F6-CBF8-4910-A17C-E8DE7ED96A87}.Debug|Any CPU.ActiveCfg = Debug|Any CPU
		{24EF58F6-CBF8-4910-A17C-E8DE7ED96A87}.Debug|Any CPU.Build.0 = Debug|Any CPU
		{24EF58F6-CBF8-4910-A17C-E8DE7ED96A87}.Release|Any CPU.ActiveCfg = Release|Any CPU
		{24EF58F6-CBF8-4910-A17C-E8DE7ED96A87}.Release|Any CPU.Build.0 = Release|Any CPU
		{F859B6D3-98E4-F114-EE4A-185A98BB4589}.Debug|Any CPU.ActiveCfg = Debug|Any CPU
		{F859B6D3-98E4-F114-EE4A-185A98BB4589}.Debug|Any CPU.Build.0 = Debug|Any CPU
		{F859B6D3-98E4-F114-EE4A-185A98BB4589}.Release|Any CPU.ActiveCfg = Release|Any CPU
		{F859B6D3-98E4-F114-EE4A-185A98BB4589}.Release|Any CPU.Build.0 = Release|Any CPU
		{543135A3-8D5E-D4FE-2FC5-E98BAEFBBABD}.Debug|Any CPU.ActiveCfg = Debug|Any CPU
		{543135A3-8D5E-D4FE-2FC5-E98BAEFBBABD}.Debug|Any CPU.Build.0 = Debug|Any CPU
		{543135A3-8D5E-D4FE-2FC5-E98BAEFBBABD}.Release|Any CPU.ActiveCfg = Release|Any CPU
		{543135A3-8D5E-D4FE-2FC5-E98BAEFBBABD}.Release|Any CPU.Build.0 = Release|Any CPU
		{BFCB0C57-BF9A-44AC-A316-62EB6358FEFA}.Debug|Any CPU.ActiveCfg = Debug|Any CPU
		{BFCB0C57-BF9A-44AC-A316-62EB6358FEFA}.Debug|Any CPU.Build.0 = Debug|Any CPU
		{BFCB0C57-BF9A-44AC-A316-62EB6358FEFA}.Release|Any CPU.ActiveCfg = Release|Any CPU
		{BFCB0C57-BF9A-44AC-A316-62EB6358FEFA}.Release|Any CPU.Build.0 = Release|Any CPU
	EndGlobalSection
	GlobalSection(SolutionProperties) = preSolution
		HideSolutionNode = FALSE
	EndGlobalSection
	GlobalSection(NestedProjects) = preSolution
		{72DC21B1-F2D0-4858-9657-44EF571E43D2} = {9371D508-9FCA-4AED-ABCF-AF9457E743AC}
		{7FDA8D84-9E01-4424-872E-ABAABC3965A9} = {9371D508-9FCA-4AED-ABCF-AF9457E743AC}
		{11296DB2-D948-4ADF-A4CE-3F2BFF627478} = {BF75AAA0-1EDD-47F1-A38C-69128AB9927B}
		{D957E297-38EA-402F-B603-25F3EC156E18} = {DFB189FE-F11B-46EA-A5CD-3571CEC8193A}
		{E94C4296-DC64-4C22-87A1-B5A054FAADAC} = {691795FC-1A5E-4144-9730-F61D0F701EBA}
		{C2A82AAD-0348-4B29-B7E7-E36509EE068C} = {9371D508-9FCA-4AED-ABCF-AF9457E743AC}
		{45B3273F-DCE8-48C2-B27A-05AF1343C69C} = {1DAF7B63-F776-4466-908D-56FD1FD02F42}
		{7BA06288-8446-4099-9341-D213A835763C} = {DFB189FE-F11B-46EA-A5CD-3571CEC8193A}
		{691795FC-1A5E-4144-9730-F61D0F701EBA} = {8011CDDD-0814-4C74-9B74-C3E3365D50CC}
		{BF75AAA0-1EDD-47F1-A38C-69128AB9927B} = {8011CDDD-0814-4C74-9B74-C3E3365D50CC}
		{9371D508-9FCA-4AED-ABCF-AF9457E743AC} = {8011CDDD-0814-4C74-9B74-C3E3365D50CC}
		{F859B6D3-98E4-F114-EE4A-185A98BB4589} = {9371D508-9FCA-4AED-ABCF-AF9457E743AC}
		{543135A3-8D5E-D4FE-2FC5-E98BAEFBBABD} = {9371D508-9FCA-4AED-ABCF-AF9457E743AC}
		{BFCB0C57-BF9A-44AC-A316-62EB6358FEFA} = {DFB189FE-F11B-46EA-A5CD-3571CEC8193A}
	EndGlobalSection
	GlobalSection(ExtensibilityGlobals) = postSolution
		SolutionGuid = {D3430C31-E885-4BC5-97D3-B2FF8E8F28B7}
	EndGlobalSection
EndGlobal
